
Microsoft Visual Studio Solution File, Format Version 12.00
# Visual Studio Version 17
VisualStudioVersion = 17.9.34902.65
MinimumVisualStudioVersion = 10.0.40219.1
Project("{FAE04EC0-301F-11D3-BF4B-00C04F79EFBC}") = "webapps", "webapps\webapps.csproj", "{CF76948B-F853-4388-A4D9-6245336F5E40}"
EndProject
Global
	GlobalSection(SolutionConfigurationPlatforms) = preSolution
		Debug|Any CPU = Debug|Any CPU
		Release|Any CPU = Release|Any CPU
	EndGlobalSection
	GlobalSection(ProjectConfigurationPlatforms) = postSolution
		{CF76948B-F853-4388-A4D9-6245336F5E40}.Debug|Any CPU.ActiveCfg = Debug|Any CPU
		{CF76948B-F853-4388-A4D9-6245336F5E40}.Debug|Any CPU.Build.0 = Debug|Any CPU
		{CF76948B-F853-4388-A4D9-6245336F5E40}.Release|Any CPU.ActiveCfg = Release|Any CPU
		{CF76948B-F853-4388-A4D9-6245336F5E40}.Release|Any CPU.Build.0 = Release|Any CPU
	EndGlobalSection
	GlobalSection(SolutionProperties) = preSolution
		HideSolutionNode = FALSE
	EndGlobalSection
	GlobalSection(ExtensibilityGlobals) = postSolution
		SolutionGuid = {5D87C007-966B-4302-B3A8-32202CB4B127}
	EndGlobalSection
EndGlobal
